
Microsoft Visual Studio Solution File, Format Version 12.00
# Visual Studio Version 17
VisualStudioVersion = 17.4.33213.308
MinimumVisualStudioVersion = 10.0.40219.1
Project("{FAE04EC0-301F-11D3-BF4B-00C04F79EFBC}") = "WindowsFormsAppProjetoServ-Festa", "WindowsFormsAppProjetoServ-Festa\WindowsFormsAppProjetoServ-Festa.csproj", "{A7E8F2B4-6CB6-4D86-8DC3-E1A5122F25F6}"
EndProject
Global
	GlobalSection(SolutionConfigurationPlatforms) = preSolution
		Debug|Any CPU = Debug|Any CPU
		Release|Any CPU = Release|Any CPU
	EndGlobalSection
	GlobalSection(ProjectConfigurationPlatforms) = postSolution
		{A7E8F2B4-6CB6-4D86-8DC3-E1A5122F25F6}.Debug|Any CPU.ActiveCfg = Debug|Any CPU
		{A7E8F2B4-6CB6-4D86-8DC3-E1A5122F25F6}.Debug|Any CPU.Build.0 = Debug|Any CPU
		{A7E8F2B4-6CB6-4D86-8DC3-E1A5122F25F6}.Release|Any CPU.ActiveCfg = Release|Any CPU
		{A7E8F2B4-6CB6-4D86-8DC3-E1A5122F25F6}.Release|Any CPU.Build.0 = Release|Any CPU
	EndGlobalSection
	GlobalSection(SolutionProperties) = preSolution
		HideSolutionNode = FALSE
	EndGlobalSection
	GlobalSection(ExtensibilityGlobals) = postSolution
		SolutionGuid = {8AB6A1AA-9E92-41B3-9CAB-87AEC9A43897}
	EndGlobalSection
EndGlobal
